<?xml version="1.0" encoding="utf-8"?>
<Project ToolsVersion="4.0" xmlns="http://schemas.microsoft.com/developer/msbuild/2003">
  <ItemGroup>
    <ClCompile Include="Source.cpp" />
    <ClCompile Include="FreeLook.cpp" />
    <ClCompile Include="FreeMove.cpp" />
  </ItemGroup>
  <ItemGroup>
    <ClInclude Include="TestScene.h" />
    <ClInclude Include="FreeLook.h" />
    <ClInclude Include="FreeMove.h" />
    <ClInclude Include="PlanetSpin.h" />
    <ClInclude Include="PopupMenuScene.h" />
    <ClInclude Include="PopMenu2Scene.h" />
    <ClInclude Include="FireProjectile.h" />
    <ClInclude Include="SteeringBehaviour.h" />
    <ClInclude Include="EnemyFighterShipAI.h" />
  </ItemGroup>
</Project>