<?xml version="1.0" encoding="utf-8"?>
<Project ToolsVersion="4.0" xmlns="http://schemas.microsoft.com/developer/msbuild/2003">
  <ItemGroup>
    <Text Include="ReadMe.txt" />
  </ItemGroup>
  <ItemGroup>
    <ClInclude Include="CoreEngine.h" />
    <ClInclude Include="Time.h" />
    <ClInclude Include="Viewport.h" />
    <ClInclude Include="InputManager.h" />
    <ClInclude Include="Scene.h" />
    <ClInclude Include="Camera3D.h" />
    <ClInclude Include="Transform.h" />
    <ClInclude Include="GameObject.h" />
    <ClInclude Include="GameComponents.h" />
    <ClInclude Include="SceneManager.h" />
    <ClInclude Include="AudioEngine.h" />
    <ClInclude Include="Collider.h" />
    <ClInclude Include="MultiCollider.h" />
    <ClInclude Include="PolygonCollider.h" />
    <ClInclude Include="SphereCollider.h" />
    <ClInclude Include="World.h" />
  </ItemGroup>
  <ItemGroup>
    <ClCompile Include="CoreEngine.cpp" />
    <ClCompile Include="Time.cpp" />
    <ClCompile Include="Viewport.cpp" />
    <ClCompile Include="InputManager.cpp" />
    <ClCompile Include="Scene.cpp" />
    <ClCompile Include="Camera3D.cpp" />
    <ClCompile Include="GameObject.cpp" />
    <ClCompile Include="SceneManager.cpp" />
    <ClCompile Include="Transform.cpp" />
    <ClCompile Include="AudioEngine.cpp" />
    <ClCompile Include="Collider.cpp" />
    <ClCompile Include="MultiCollider.cpp" />
    <ClCompile Include="PolygonCollider.cpp" />
    <ClCompile Include="SphereCollider.cpp" />
    <ClCompile Include="World.cpp" />
  </ItemGroup>
</Project>