<?xml version="1.0" encoding="utf-8"?>
<Project ToolsVersion="4.0" xmlns="http://schemas.microsoft.com/developer/msbuild/2003">
  <ItemGroup>
    <ClCompile Include="Audio\AudioEngine.cpp" />
    <ClCompile Include="Components\GUIComponent.cpp" />
    <ClCompile Include="Core\CoreEngine.cpp" />
    <ClCompile Include="Core\ErrorLog.cpp" />
    <ClCompile Include="Core\GameObject.cpp" />
    <ClCompile Include="Core\InputManager.cpp" />
    <ClCompile Include="Core\MappedValues.cpp" />
    <ClCompile Include="Core\Scene.cpp" />
    <ClCompile Include="Core\SceneManager.cpp" />
    <ClCompile Include="Core\Time.cpp" />
    <ClCompile Include="Core\Transform.cpp" />
    <ClCompile Include="Core\Utility.cpp" />
    <ClCompile Include="GUI\GUIEngine.cpp" />
    <ClCompile Include="Physics\Collider.cpp" />
    <ClCompile Include="Physics\MultiCollider.cpp" />
    <ClCompile Include="Physics\PhysicsEngine.cpp" />
    <ClCompile Include="Physics\PolygonCollider.cpp" />
    <ClCompile Include="Physics\SphereCollider.cpp" />
    <ClCompile Include="Physics\World.cpp" />
    <ClCompile Include="Rendering\Lighting.cpp" />
    <ClCompile Include="Rendering\Camera3D.cpp" />
    <ClCompile Include="Rendering\Material.cpp" />
    <ClCompile Include="Rendering\Mesh.cpp" />
    <ClCompile Include="Rendering\RenderingEngine.cpp" />
    <ClCompile Include="Rendering\Shader.cpp" />
    <ClCompile Include="Rendering\Texture.cpp" />
    <ClCompile Include="Rendering\Viewport.cpp" />
  </ItemGroup>
  <ItemGroup>
    <ClCompile Include="Core\GameObject.cpp">
      <Filter>Core</Filter>
    </ClCompile>
    <ClCompile Include="Core\InputManager.cpp">
      <Filter>Core</Filter>
    </ClCompile>
    <ClCompile Include="Core\MappedValues.cpp">
      <Filter>Core</Filter>
    </ClCompile>
    <ClCompile Include="Core\Scene.cpp">
      <Filter>Core</Filter>
    </ClCompile>
    <ClCompile Include="Core\SceneManager.cpp">
      <Filter>Core</Filter>
    </ClCompile>
    <ClCompile Include="Core\Time.cpp">
      <Filter>Core</Filter>
    </ClCompile>
    <ClCompile Include="Core\Transform.cpp">
      <Filter>Core</Filter>
    </ClCompile>
    <ClCompile Include="Audio\AudioEngine.cpp">
      <Filter>Audio</Filter>
    </ClCompile>
    <ClCompile Include="GUI\GUIEngine.cpp">
      <Filter>GUI</Filter>
    </ClCompile>
    <ClCompile Include="Physics\Collider.cpp">
      <Filter>Physics</Filter>
    </ClCompile>
    <ClCompile Include="Physics\MultiCollider.cpp">
      <Filter>Physics</Filter>
    </ClCompile>
    <ClCompile Include="Physics\PhysicsEngine.cpp">
      <Filter>Physics</Filter>
    </ClCompile>
    <ClCompile Include="Physics\PolygonCollider.cpp">
      <Filter>Physics</Filter>
    </ClCompile>
    <ClCompile Include="Physics\SphereCollider.cpp">
      <Filter>Physics</Filter>
    </ClCompile>
    <ClCompile Include="Physics\World.cpp">
      <Filter>Physics</Filter>
    </ClCompile>
    <ClCompile Include="Rendering\Camera3D.cpp">
      <Filter>Rendering</Filter>
    </ClCompile>
    <ClCompile Include="Rendering\Material.cpp">
      <Filter>Rendering</Filter>
    </ClCompile>
    <ClCompile Include="Rendering\Mesh.cpp">
      <Filter>Rendering</Filter>
    </ClCompile>
    <ClCompile Include="Rendering\RenderingEngine.cpp">
      <Filter>Rendering</Filter>
    </ClCompile>
    <ClCompile Include="Rendering\Shader.cpp">
      <Filter>Rendering</Filter>
    </ClCompile>
    <ClCompile Include="Rendering\Texture.cpp">
      <Filter>Rendering</Filter>
    </ClCompile>
    <ClCompile Include="Rendering\Viewport.cpp">
      <Filter>Rendering</Filter>
    </ClCompile>
    <ClCompile Include="Rendering\Lighting.cpp">
      <Filter>Rendering</Filter>
    </ClCompile>
    <ClCompile Include="Core\CoreEngine.cpp">
      <Filter>Core</Filter>
    </ClCompile>
    <ClCompile Include="Core\Utility.cpp">
      <Filter>Core</Filter>
    </ClCompile>
    <ClCompile Include="Core\ErrorLog.cpp">
      <Filter>Core</Filter>
	</ClCompile>
    <ClCompile Include="Components\GUIComponent.cpp">
      <Filter>Components</Filter>
    </ClCompile>
    <ClCompile Include="Rendering\Skybox.cpp">
      <Filter>Rendering</Filter>
    </ClCompile>
  </ItemGroup>
  <ItemGroup>
    <ClInclude Include="Core\CoreEngine.h">
      <Filter>Core</Filter>
    </ClInclude>
    <ClInclude Include="Core\GameObject.h">
      <Filter>Core</Filter>
    </ClInclude>
    <ClInclude Include="Core\InputManager.h">
      <Filter>Core</Filter>
    </ClInclude>
    <ClInclude Include="Core\MappedValues.h">
      <Filter>Core</Filter>
    </ClInclude>
    <ClInclude Include="Core\ReferenceCounter.h">
      <Filter>Core</Filter>
    </ClInclude>
    <ClInclude Include="Core\Scene.h">
      <Filter>Core</Filter>
    </ClInclude>
    <ClInclude Include="Core\SceneManager.h">
      <Filter>Core</Filter>
    </ClInclude>
    <ClInclude Include="Core\Time.h">
      <Filter>Core</Filter>
    </ClInclude>
    <ClInclude Include="Core\Transform.h">
      <Filter>Core</Filter>
    </ClInclude>
    <ClInclude Include="Core\Utility.h">
      <Filter>Core</Filter>
    </ClInclude>
    <ClInclude Include="Audio\AudioEngine.h">
      <Filter>Audio</Filter>
    </ClInclude>
    <ClInclude Include="Components\GameComponents.h">
      <Filter>Components</Filter>
    </ClInclude>
    <ClInclude Include="Components\MeshRenderer.h">
      <Filter>Components</Filter>
    </ClInclude>
    <ClInclude Include="GUI\GUIEngine.h">
      <Filter>GUI</Filter>
    </ClInclude>
    <ClInclude Include="Physics\Collider.h">
      <Filter>Physics</Filter>
    </ClInclude>
    <ClInclude Include="Physics\MultiCollider.h">
      <Filter>Physics</Filter>
    </ClInclude>
    <ClInclude Include="Physics\PhysicsEngine.h">
      <Filter>Physics</Filter>
    </ClInclude>
    <ClInclude Include="Physics\PolygonCollider.h">
      <Filter>Physics</Filter>
    </ClInclude>
    <ClInclude Include="Physics\SphereCollider.h">
      <Filter>Physics</Filter>
    </ClInclude>
    <ClInclude Include="Physics\World.h">
      <Filter>Physics</Filter>
    </ClInclude>
    <ClInclude Include="Rendering\Camera3D.h">
      <Filter>Rendering</Filter>
    </ClInclude>
    <ClInclude Include="Rendering\Material.h">
      <Filter>Rendering</Filter>
    </ClInclude>
    <ClInclude Include="Rendering\Mesh.h">
      <Filter>Rendering</Filter>
    </ClInclude>
    <ClInclude Include="Rendering\RenderingEngine.h">
      <Filter>Rendering</Filter>
    </ClInclude>
    <ClInclude Include="Rendering\Shader.h">
      <Filter>Rendering</Filter>
    </ClInclude>
    <ClInclude Include="Rendering\Texture.h">
      <Filter>Rendering</Filter>
    </ClInclude>
    <ClInclude Include="Rendering\Viewport.h">
      <Filter>Rendering</Filter>
    </ClInclude>
    <ClInclude Include="MegaEngine.h" />
    <ClInclude Include="Rendering\Lighting.h">
      <Filter>Rendering</Filter>
    </ClInclude>
    <ClInclude Include="Components\AudioSource.h">
      <Filter>Components</Filter>
    </ClInclude>
    <ClInclude Include="Core\ErrorLog.h">
      <Filter>Core</Filter>
    </ClInclude>
    <ClInclude Include="Audio\AudioListener.h">
      <Filter>Audio</Filter>
    </ClInclude>
    <ClInclude Include="Audio\Stream.h">
      <Filter>Audio</Filter>
    </ClInclude>
    <ClInclude Include="Audio\Sound.h">
      <Filter>Audio</Filter>
	</ClInclude>
    <ClInclude Include="Components\GUILabel.h">
      <Filter>Components</Filter>
    </ClInclude>
    <ClInclude Include="Components\GUIComponent.h">
      <Filter>Components</Filter>
    </ClInclude>
    <ClInclude Include="Components\GUIButton.h">
      <Filter>Components</Filter>
    </ClInclude>
    <ClInclude Include="Components\GUIProgressBar.h">
      <Filter>Components</Filter>
    </ClInclude>
    <ClInclude Include="Components\GUITextBox.h">
      <Filter>Components</Filter>
    </ClInclude>
    <ClInclude Include="Components\GUISlider.h">
      <Filter>Components</Filter>
    </ClInclude>
    <ClInclude Include="Components\GUIContainer.h">
      <Filter>Components</Filter>
    </ClInclude>
    <ClInclude Include="Rendering\Skybox.h">
      <Filter>Rendering</Filter>
    </ClInclude>
  </ItemGroup>
</Project>