<?xml version="1.0" encoding="utf-8"?>
<Project ToolsVersion="4.0" xmlns="http://schemas.microsoft.com/developer/msbuild/2003">
  <ItemGroup>
    <ClCompile Include="FreeLook.cpp" />
    <ClCompile Include="FreeMove.cpp" />
    <ClCompile Include="PeopleOfEarth-Game.cpp" />
  </ItemGroup>
  <ItemGroup>
    <ClInclude Include="MainMenuScene.h" />
    <ClInclude Include="MissionSelectScene.h" />
    <ClInclude Include="PauseScene.h" />
    <ClInclude Include="DetailsScene.h" />
    <ClInclude Include="FreeLook.h" />
    <ClInclude Include="FreeMove.h" />
    <ClInclude Include="TextLerpAlpha.h">
      <Filter>Components</Filter>
    </ClInclude>
    <ClInclude Include="MainMenuManager.h">
      <Filter>Components</Filter>
    </ClInclude>
  </ItemGroup>
  <ItemGroup>
    <Filter Include="Components">
      <UniqueIdentifier>{61ef89e9-79e5-4214-afd1-fefaddd700cd}</UniqueIdentifier>
    </Filter>
  </ItemGroup>
</Project>